
Microsoft Visual Studio Solution File, Format Version 12.00
# Visual Studio 15
VisualStudioVersion = 15.0.27428.1
MinimumVisualStudioVersion = 10.0.40219.1
Project("{FAE04EC0-301F-11D3-BF4B-00C04F79EFBC}") = "PlatrormerProject", "PlatrormerProject\PlatrormerProject.csproj", "{7BE62F20-50CC-4C77-95D3-F730875CC8AE}"
EndProject
Global
	GlobalSection(SolutionConfigurationPlatforms) = preSolution
		Debug|x86 = Debug|x86
		Release|x86 = Release|x86
	EndGlobalSection
	GlobalSection(ProjectConfigurationPlatforms) = postSolution
		{7BE62F20-50CC-4C77-95D3-F730875CC8AE}.Debug|x86.ActiveCfg = Debug|x86
		{7BE62F20-50CC-4C77-95D3-F730875CC8AE}.Debug|x86.Build.0 = Debug|x86
		{7BE62F20-50CC-4C77-95D3-F730875CC8AE}.Release|x86.ActiveCfg = Release|x86
		{7BE62F20-50CC-4C77-95D3-F730875CC8AE}.Release|x86.Build.0 = Release|x86
	EndGlobalSection
	GlobalSection(SolutionProperties) = preSolution
		HideSolutionNode = FALSE
	EndGlobalSection
	GlobalSection(ExtensibilityGlobals) = postSolution
		SolutionGuid = {0F482E26-5B24-40EC-8F65-7DEC75B3E7D9}
	EndGlobalSection
EndGlobal
